
Microsoft Visual Studio Solution File, Format Version 12.00
# Visual Studio Version 16
VisualStudioVersion = 16.0.31911.196
MinimumVisualStudioVersion = 10.0.40219.1
Project("{FAE04EC0-301F-11D3-BF4B-00C04F79EFBC}") = "TestWebAPI", "TestWebAPI\TestWebAPI.csproj", "{59D8A035-AE84-4AFC-9CFB-4D12DDB16471}"
EndProject
Project("{FAE04EC0-301F-11D3-BF4B-00C04F79EFBC}") = "TestWebAPI.DataAccess", "TestWebAPI.DataAccess\TestWebAPI.DataAccess.csproj", "{FD6A91F2-75B9-43E2-8784-41845FF497E7}"
EndProject
Project("{FAE04EC0-301F-11D3-BF4B-00C04F79EFBC}") = "TestWebAPI.ApplicationServices", "TestWebAPI.ApplicationServices\TestWebAPI.ApplicationServices.csproj", "{90AF6B2D-8AA6-4201-B589-293F5D86F15A}"
EndProject
Project("{FAE04EC0-301F-11D3-BF4B-00C04F79EFBC}") = "TestWebAPI.Tests", "TestWebAPI.Tests\TestWebAPI.Tests.csproj", "{A64D1137-77C0-4F77-85BC-323DDF927E97}"
EndProject
Global
	GlobalSection(SolutionConfigurationPlatforms) = preSolution
		Debug|Any CPU = Debug|Any CPU
		Release|Any CPU = Release|Any CPU
	EndGlobalSection
	GlobalSection(ProjectConfigurationPlatforms) = postSolution
		{59D8A035-AE84-4AFC-9CFB-4D12DDB16471}.Debug|Any CPU.ActiveCfg = Debug|Any CPU
		{59D8A035-AE84-4AFC-9CFB-4D12DDB16471}.Debug|Any CPU.Build.0 = Debug|Any CPU
		{59D8A035-AE84-4AFC-9CFB-4D12DDB16471}.Release|Any CPU.ActiveCfg = Release|Any CPU
		{59D8A035-AE84-4AFC-9CFB-4D12DDB16471}.Release|Any CPU.Build.0 = Release|Any CPU
		{FD6A91F2-75B9-43E2-8784-41845FF497E7}.Debug|Any CPU.ActiveCfg = Debug|Any CPU
		{FD6A91F2-75B9-43E2-8784-41845FF497E7}.Debug|Any CPU.Build.0 = Debug|Any CPU
		{FD6A91F2-75B9-43E2-8784-41845FF497E7}.Release|Any CPU.ActiveCfg = Release|Any CPU
		{FD6A91F2-75B9-43E2-8784-41845FF497E7}.Release|Any CPU.Build.0 = Release|Any CPU
		{90AF6B2D-8AA6-4201-B589-293F5D86F15A}.Debug|Any CPU.ActiveCfg = Debug|Any CPU
		{90AF6B2D-8AA6-4201-B589-293F5D86F15A}.Debug|Any CPU.Build.0 = Debug|Any CPU
		{90AF6B2D-8AA6-4201-B589-293F5D86F15A}.Release|Any CPU.ActiveCfg = Release|Any CPU
		{90AF6B2D-8AA6-4201-B589-293F5D86F15A}.Release|Any CPU.Build.0 = Release|Any CPU
		{A64D1137-77C0-4F77-85BC-323DDF927E97}.Debug|Any CPU.ActiveCfg = Debug|Any CPU
		{A64D1137-77C0-4F77-85BC-323DDF927E97}.Debug|Any CPU.Build.0 = Debug|Any CPU
		{A64D1137-77C0-4F77-85BC-323DDF927E97}.Release|Any CPU.ActiveCfg = Release|Any CPU
		{A64D1137-77C0-4F77-85BC-323DDF927E97}.Release|Any CPU.Build.0 = Release|Any CPU
	EndGlobalSection
	GlobalSection(SolutionProperties) = preSolution
		HideSolutionNode = FALSE
	EndGlobalSection
	GlobalSection(ExtensibilityGlobals) = postSolution
		SolutionGuid = {07F8D320-3B58-4F2B-B580-4A42A8873124}
	EndGlobalSection
EndGlobal
